// !$*UTF8*$!
{
	archiveVersion = 1;
	classes = {
	};
	objectVersion = 50;
	objects = {

/* Begin PBXBuildFile section */
		F10DAAA12343569B002C63D0 /* Model.xcdatamodeld in Sources */ = {isa = PBXBuildFile; fileRef = F10DAA9F2343569B002C63D0 /* Model.xcdatamodeld */; };
		F10DAAA423435769002C63D0 /* CoreDataClass.swift in Sources */ = {isa = PBXBuildFile; fileRef = F10DAAA223435769002C63D0 /* CoreDataClass.swift */; };
		F10DAAA523435769002C63D0 /* CoreDataProperties.swift in Sources */ = {isa = PBXBuildFile; fileRef = F10DAAA323435769002C63D0 /* CoreDataProperties.swift */; };
		F10EF4392340E33800AC28F9 /* Repo.swift in Sources */ = {isa = PBXBuildFile; fileRef = F10EF4382340E33800AC28F9 /* Repo.swift */; };
		F11F520223437A0D00585340 /* LocationList.swift in Sources */ = {isa = PBXBuildFile; fileRef = F11F520123437A0D00585340 /* LocationList.swift */; };
		F16871B92340976D00CE4069 /* AppDelegate.swift in Sources */ = {isa = PBXBuildFile; fileRef = F16871B82340976D00CE4069 /* AppDelegate.swift */; };
		F16871BB2340976D00CE4069 /* CurrentLocation.swift in Sources */ = {isa = PBXBuildFile; fileRef = F16871BA2340976D00CE4069 /* CurrentLocation.swift */; };
		F16871C02340976D00CE4069 /* Main.storyboard in Resources */ = {isa = PBXBuildFile; fileRef = F16871BE2340976D00CE4069 /* Main.storyboard */; };
		F16871C22340976E00CE4069 /* Assets.xcassets in Resources */ = {isa = PBXBuildFile; fileRef = F16871C12340976E00CE4069 /* Assets.xcassets */; };
		F16871C52340976E00CE4069 /* Launch.storyboard in Resources */ = {isa = PBXBuildFile; fileRef = F16871C32340976E00CE4069 /* Launch.storyboard */; };
		F18BA0482342547F00E4F85B /* LocationDetail.swift in Sources */ = {isa = PBXBuildFile; fileRef = F18BA0472342547F00E4F85B /* LocationDetail.swift */; };
		F18ED9892344F5A600D0DC55 /* MapKit.framework in Frameworks */ = {isa = PBXBuildFile; fileRef = F18ED9882344F5A600D0DC55 /* MapKit.framework */; };
		F18ED98B2344F70400D0DC55 /* MapViewController.swift in Sources */ = {isa = PBXBuildFile; fileRef = F18ED98A2344F70400D0DC55 /* MapViewController.swift */; };
		F193F6E22342E173008483F9 /* CategoryPicker.swift in Sources */ = {isa = PBXBuildFile; fileRef = F193F6E12342E173008483F9 /* CategoryPicker.swift */; };
		F193F6E42343050C008483F9 /* HudView.swift in Sources */ = {isa = PBXBuildFile; fileRef = F193F6E32343050C008483F9 /* HudView.swift */; };
/* End PBXBuildFile section */

/* Begin PBXFileReference section */
		F10DAAA02343569B002C63D0 /* Model.xcdatamodel */ = {isa = PBXFileReference; lastKnownFileType = wrapper.xcdatamodel; path = Model.xcdatamodel; sourceTree = "<group>"; };
		F10DAAA223435769002C63D0 /* CoreDataClass.swift */ = {isa = PBXFileReference; lastKnownFileType = sourcecode.swift; path = CoreDataClass.swift; sourceTree = "<group>"; };
		F10DAAA323435769002C63D0 /* CoreDataProperties.swift */ = {isa = PBXFileReference; lastKnownFileType = sourcecode.swift; path = CoreDataProperties.swift; sourceTree = "<group>"; };
		F10EF4382340E33800AC28F9 /* Repo.swift */ = {isa = PBXFileReference; lastKnownFileType = sourcecode.swift; path = Repo.swift; sourceTree = "<group>"; };
		F11F520123437A0D00585340 /* LocationList.swift */ = {isa = PBXFileReference; lastKnownFileType = sourcecode.swift; path = LocationList.swift; sourceTree = "<group>"; };
		F16871B52340976D00CE4069 /* MyLocation.app */ = {isa = PBXFileReference; explicitFileType = wrapper.application; includeInIndex = 0; path = MyLocation.app; sourceTree = BUILT_PRODUCTS_DIR; };
		F16871B82340976D00CE4069 /* AppDelegate.swift */ = {isa = PBXFileReference; lastKnownFileType = sourcecode.swift; path = AppDelegate.swift; sourceTree = "<group>"; };
		F16871BA2340976D00CE4069 /* CurrentLocation.swift */ = {isa = PBXFileReference; lastKnownFileType = sourcecode.swift; path = CurrentLocation.swift; sourceTree = "<group>"; };
		F16871BF2340976D00CE4069 /* Base */ = {isa = PBXFileReference; lastKnownFileType = file.storyboard; name = Base; path = Base.lproj/Main.storyboard; sourceTree = "<group>"; };
		F16871C12340976E00CE4069 /* Assets.xcassets */ = {isa = PBXFileReference; lastKnownFileType = folder.assetcatalog; path = Assets.xcassets; sourceTree = "<group>"; };
		F16871C42340976E00CE4069 /* Base */ = {isa = PBXFileReference; lastKnownFileType = file.storyboard; name = Base; path = Base.lproj/Launch.storyboard; sourceTree = "<group>"; };
		F16871C62340976E00CE4069 /* Info.plist */ = {isa = PBXFileReference; lastKnownFileType = text.plist.xml; path = Info.plist; sourceTree = "<group>"; };
		F18BA0472342547F00E4F85B /* LocationDetail.swift */ = {isa = PBXFileReference; lastKnownFileType = sourcecode.swift; path = LocationDetail.swift; sourceTree = "<group>"; };
		F18ED9882344F5A600D0DC55 /* MapKit.framework */ = {isa = PBXFileReference; lastKnownFileType = wrapper.framework; name = MapKit.framework; path = System/Library/Frameworks/MapKit.framework; sourceTree = SDKROOT; };
		F18ED98A2344F70400D0DC55 /* MapViewController.swift */ = {isa = PBXFileReference; lastKnownFileType = sourcecode.swift; path = MapViewController.swift; sourceTree = "<group>"; };
		F193F6E12342E173008483F9 /* CategoryPicker.swift */ = {isa = PBXFileReference; lastKnownFileType = sourcecode.swift; path = CategoryPicker.swift; sourceTree = "<group>"; };
		F193F6E32343050C008483F9 /* HudView.swift */ = {isa = PBXFileReference; lastKnownFileType = sourcecode.swift; path = HudView.swift; sourceTree = "<group>"; };
/* End PBXFileReference section */

/* Begin PBXFrameworksBuildPhase section */
		F16871B22340976D00CE4069 /* Frameworks */ = {
			isa = PBXFrameworksBuildPhase;
			buildActionMask = 2147483647;
			files = (
				F18ED9892344F5A600D0DC55 /* MapKit.framework in Frameworks */,
			);
			runOnlyForDeploymentPostprocessing = 0;
		};
/* End PBXFrameworksBuildPhase section */

/* Begin PBXGroup section */
		F16871AC2340976D00CE4069 = {
			isa = PBXGroup;
			children = (
				F16871B72340976D00CE4069 /* MyLocation */,
				F16871B62340976D00CE4069 /* Products */,
				F18ED9872344F5A600D0DC55 /* Frameworks */,
			);
			sourceTree = "<group>";
		};
		F16871B62340976D00CE4069 /* Products */ = {
			isa = PBXGroup;
			children = (
				F16871B52340976D00CE4069 /* MyLocation.app */,
			);
			name = Products;
			sourceTree = "<group>";
		};
		F16871B72340976D00CE4069 /* MyLocation */ = {
			isa = PBXGroup;
			children = (
				F16871B82340976D00CE4069 /* AppDelegate.swift */,
				F16871BA2340976D00CE4069 /* CurrentLocation.swift */,
				F18BA0472342547F00E4F85B /* LocationDetail.swift */,
				F193F6E12342E173008483F9 /* CategoryPicker.swift */,
				F193F6E32343050C008483F9 /* HudView.swift */,
				F11F520123437A0D00585340 /* LocationList.swift */,
				F18ED98A2344F70400D0DC55 /* MapViewController.swift */,
				F10EF4382340E33800AC28F9 /* Repo.swift */,
				F10DAAA223435769002C63D0 /* CoreDataClass.swift */,
				F10DAAA323435769002C63D0 /* CoreDataProperties.swift */,
				F10DAA9F2343569B002C63D0 /* Model.xcdatamodeld */,
				F16871BE2340976D00CE4069 /* Main.storyboard */,
				F16871C32340976E00CE4069 /* Launch.storyboard */,
				F16871C12340976E00CE4069 /* Assets.xcassets */,
				F16871C62340976E00CE4069 /* Info.plist */,
			);
			path = MyLocation;
			sourceTree = "<group>";
		};
		F18ED9872344F5A600D0DC55 /* Frameworks */ = {
			isa = PBXGroup;
			children = (
				F18ED9882344F5A600D0DC55 /* MapKit.framework */,
			);
			name = Frameworks;
			sourceTree = "<group>";
		};
/* End PBXGroup section */

/* Begin PBXNativeTarget section */
		F16871B42340976D00CE4069 /* MyLocation */ = {
			isa = PBXNativeTarget;
			buildConfigurationList = F16871C92340976E00CE4069 /* Build configuration list for PBXNativeTarget "MyLocation" */;
			buildPhases = (
				F16871B12340976D00CE4069 /* Sources */,
				F16871B22340976D00CE4069 /* Frameworks */,
				F16871B32340976D00CE4069 /* Resources */,
			);
			buildRules = (
			);
			dependencies = (
			);
			name = MyLocation;
			productName = MyLocation;
			productReference = F16871B52340976D00CE4069 /* MyLocation.app */;
			productType = "com.apple.product-type.application";
		};
/* End PBXNativeTarget section */

/* Begin PBXProject section */
		F16871AD2340976D00CE4069 /* Project object */ = {
			isa = PBXProject;
			attributes = {
				LastSwiftUpdateCheck = 1020;
				LastUpgradeCheck = 1020;
				ORGANIZATIONNAME = haanh;
				TargetAttributes = {
					F16871B42340976D00CE4069 = {
						CreatedOnToolsVersion = 10.2.1;
						SystemCapabilities = {
							com.apple.Maps.iOS = {
								enabled = 1;
							};
						};
					};
				};
			};
			buildConfigurationList = F16871B02340976D00CE4069 /* Build configuration list for PBXProject "MyLocation" */;
			compatibilityVersion = "Xcode 9.3";
			developmentRegion = en;
			hasScannedForEncodings = 0;
			knownRegions = (
				en,
				Base,
			);
			mainGroup = F16871AC2340976D00CE4069;
			productRefGroup = F16871B62340976D00CE4069 /* Products */;
			projectDirPath = "";
			projectRoot = "";
			targets = (
				F16871B42340976D00CE4069 /* MyLocation */,
			);
		};
/* End PBXProject section */

/* Begin PBXResourcesBuildPhase section */
		F16871B32340976D00CE4069 /* Resources */ = {
			isa = PBXResourcesBuildPhase;
			buildActionMask = 2147483647;
			files = (
				F16871C52340976E00CE4069 /* Launch.storyboard in Resources */,
				F16871C22340976E00CE4069 /* Assets.xcassets in Resources */,
				F16871C02340976D00CE4069 /* Main.storyboard in Resources */,
			);
			runOnlyForDeploymentPostprocessing = 0;
		};
/* End PBXResourcesBuildPhase section */

/* Begin PBXSourcesBuildPhase section */
		F16871B12340976D00CE4069 /* Sources */ = {
			isa = PBXSourcesBuildPhase;
			buildActionMask = 2147483647;
			files = (
				F18ED98B2344F70400D0DC55 /* MapViewController.swift in Sources */,
				F16871B92340976D00CE4069 /* AppDelegate.swift in Sources */,
				F16871BB2340976D00CE4069 /* CurrentLocation.swift in Sources */,
				F10DAAA12343569B002C63D0 /* Model.xcdatamodeld in Sources */,
				F10DAAA523435769002C63D0 /* CoreDataProperties.swift in Sources */,
				F11F520223437A0D00585340 /* LocationList.swift in Sources */,
				F10EF4392340E33800AC28F9 /* Repo.swift in Sources */,
				F18BA0482342547F00E4F85B /* LocationDetail.swift in Sources */,
				F10DAAA423435769002C63D0 /* CoreDataClass.swift in Sources */,
				F193F6E42343050C008483F9 /* HudView.swift in Sources */,
				F193F6E22342E173008483F9 /* CategoryPicker.swift in Sources */,
			);
			runOnlyForDeploymentPostprocessing = 0;
		};
/* End PBXSourcesBuildPhase section */

/* Begin PBXVariantGroup section */
		F16871BE2340976D00CE4069 /* Main.storyboard */ = {
			isa = PBXVariantGroup;
			children = (
				F16871BF2340976D00CE4069 /* Base */,
			);
			name = Main.storyboard;
			sourceTree = "<group>";
		};
		F16871C32340976E00CE4069 /* Launch.storyboard */ = {
			isa = PBXVariantGroup;
			children = (
				F16871C42340976E00CE4069 /* Base */,
			);
			name = Launch.storyboard;
			sourceTree = "<group>";
		};
/* End PBXVariantGroup section */

/* Begin XCBuildConfiguration section */
		F16871C72340976E00CE4069 /* Debug */ = {
			isa = XCBuildConfiguration;
			buildSettings = {
				ALWAYS_SEARCH_USER_PATHS = NO;
				CLANG_ANALYZER_NONNULL = YES;
				CLANG_ANALYZER_NUMBER_OBJECT_CONVERSION = YES_AGGRESSIVE;
				CLANG_CXX_LANGUAGE_STANDARD = "gnu++14";
				CLANG_CXX_LIBRARY = "libc++";
				CLANG_ENABLE_MODULES = YES;
				CLANG_ENABLE_OBJC_ARC = YES;
				CLANG_ENABLE_OBJC_WEAK = YES;
				CLANG_WARN_BLOCK_CAPTURE_AUTORELEASING = YES;
				CLANG_WARN_BOOL_CONVERSION = YES;
				CLANG_WARN_COMMA = YES;
				CLANG_WARN_CONSTANT_CONVERSION = YES;
				CLANG_WARN_DEPRECATED_OBJC_IMPLEMENTATIONS = YES;
				CLANG_WARN_DIRECT_OBJC_ISA_USAGE = YES_ERROR;
				CLANG_WARN_DOCUMENTATION_COMMENTS = YES;
				CLANG_WARN_EMPTY_BODY = YES;
				CLANG_WARN_ENUM_CONVERSION = YES;
				CLANG_WARN_INFINITE_RECURSION = YES;
				CLANG_WARN_INT_CONVERSION = YES;
				CLANG_WARN_NON_LITERAL_NULL_CONVERSION = YES;
				CLANG_WARN_OBJC_IMPLICIT_RETAIN_SELF = YES;
				CLANG_WARN_OBJC_LITERAL_CONVERSION = YES;
				CLANG_WARN_OBJC_ROOT_CLASS = YES_ERROR;
				CLANG_WARN_RANGE_LOOP_ANALYSIS = YES;
				CLANG_WARN_STRICT_PROTOTYPES = YES;
				CLANG_WARN_SUSPICIOUS_MOVE = YES;
				CLANG_WARN_UNGUARDED_AVAILABILITY = YES_AGGRESSIVE;
				CLANG_WARN_UNREACHABLE_CODE = YES;
				CLANG_WARN__DUPLICATE_METHOD_MATCH = YES;
				CODE_SIGN_IDENTITY = "iPhone Developer";
				COPY_PHASE_STRIP = NO;
				DEBUG_INFORMATION_FORMAT = dwarf;
				ENABLE_STRICT_OBJC_MSGSEND = YES;
				ENABLE_TESTABILITY = YES;
				GCC_C_LANGUAGE_STANDARD = gnu11;
				GCC_DYNAMIC_NO_PIC = NO;
				GCC_NO_COMMON_BLOCKS = YES;
				GCC_OPTIMIZATION_LEVEL = 0;
				GCC_PREPROCESSOR_DEFINITIONS = (
					"DEBUG=1",
					"$(inherited)",
				);
				GCC_WARN_64_TO_32_BIT_CONVERSION = YES;
				GCC_WARN_ABOUT_RETURN_TYPE = YES_ERROR;
				GCC_WARN_UNDECLARED_SELECTOR = YES;
				GCC_WARN_UNINITIALIZED_AUTOS = YES_AGGRESSIVE;
				GCC_WARN_UNUSED_FUNCTION = YES;
				GCC_WARN_UNUSED_VARIABLE = YES;
				IPHONEOS_DEPLOYMENT_TARGET = 12.2;
				MTL_ENABLE_DEBUG_INFO = INCLUDE_SOURCE;
				MTL_FAST_MATH = YES;
				ONLY_ACTIVE_ARCH = YES;
				SDKROOT = iphoneos;
				SWIFT_ACTIVE_COMPILATION_CONDITIONS = DEBUG;
				SWIFT_OPTIMIZATION_LEVEL = "-Onone";
			};
			name = Debug;
		};
		F16871C82340976E00CE4069 /* Release */ = {
			isa = XCBuildConfiguration;
			buildSettings = {
				ALWAYS_SEARCH_USER_PATHS = NO;
				CLANG_ANALYZER_NONNULL = YES;
				CLANG_ANALYZER_NUMBER_OBJECT_CONVERSION = YES_AGGRESSIVE;
				CLANG_CXX_LANGUAGE_STANDARD = "gnu++14";
				CLANG_CXX_LIBRARY = "libc++";
				CLANG_ENABLE_MODULES = YES;
				CLANG_ENABLE_OBJC_ARC = YES;
				CLANG_ENABLE_OBJC_WEAK = YES;
				CLANG_WARN_BLOCK_CAPTURE_AUTORELEASING = YES;
				CLANG_WARN_BOOL_CONVERSION = YES;
				CLANG_WARN_COMMA = YES;
				CLANG_WARN_CONSTANT_CONVERSION = YES;
				CLANG_WARN_DEPRECATED_OBJC_IMPLEMENTATIONS = YES;
				CLANG_WARN_DIRECT_OBJC_ISA_USAGE = YES_ERROR;
				CLANG_WARN_DOCUMENTATION_COMMENTS = YES;
				CLANG_WARN_EMPTY_BODY = YES;
				CLANG_WARN_ENUM_CONVERSION = YES;
				CLANG_WARN_INFINITE_RECURSION = YES;
				CLANG_WARN_INT_CONVERSION = YES;
				CLANG_WARN_NON_LITERAL_NULL_CONVERSION = YES;
				CLANG_WARN_OBJC_IMPLICIT_RETAIN_SELF = YES;
				CLANG_WARN_OBJC_LITERAL_CONVERSION = YES;
				CLANG_WARN_OBJC_ROOT_CLASS = YES_ERROR;
				CLANG_WARN_RANGE_LOOP_ANALYSIS = YES;
				CLANG_WARN_STRICT_PROTOTYPES = YES;
				CLANG_WARN_SUSPICIOUS_MOVE = YES;
				CLANG_WARN_UNGUARDED_AVAILABILITY = YES_AGGRESSIVE;
				CLANG_WARN_UNREACHABLE_CODE = YES;
				CLANG_WARN__DUPLICATE_METHOD_MATCH = YES;
				CODE_SIGN_IDENTITY = "iPhone Developer";
				COPY_PHASE_STRIP = NO;
				DEBUG_INFORMATION_FORMAT = "dwarf-with-dsym";
				ENABLE_NS_ASSERTIONS = NO;
				ENABLE_STRICT_OBJC_MSGSEND = YES;
				GCC_C_LANGUAGE_STANDARD = gnu11;
				GCC_NO_COMMON_BLOCKS = YES;
				GCC_WARN_64_TO_32_BIT_CONVERSION = YES;
				GCC_WARN_ABOUT_RETURN_TYPE = YES_ERROR;
				GCC_WARN_UNDECLARED_SELECTOR = YES;
				GCC_WARN_UNINITIALIZED_AUTOS = YES_AGGRESSIVE;
				GCC_WARN_UNUSED_FUNCTION = YES;
				GCC_WARN_UNUSED_VARIABLE = YES;
				IPHONEOS_DEPLOYMENT_TARGET = 12.2;
				MTL_ENABLE_DEBUG_INFO = NO;
				MTL_FAST_MATH = YES;
				SDKROOT = iphoneos;
				SWIFT_COMPILATION_MODE = wholemodule;
				SWIFT_OPTIMIZATION_LEVEL = "-O";
				VALIDATE_PRODUCT = YES;
			};
			name = Release;
		};
		F16871CA2340976E00CE4069 /* Debug */ = {
			isa = XCBuildConfiguration;
			buildSettings = {
				ASSETCATALOG_COMPILER_APPICON_NAME = AppIcon;
				CODE_SIGN_STYLE = Automatic;
				INFOPLIST_FILE = MyLocation/Info.plist;
				IPHONEOS_DEPLOYMENT_TARGET = 12.1;
				LD_RUNPATH_SEARCH_PATHS = (
					"$(inherited)",
					"@executable_path/Frameworks",
				);
				PRODUCT_BUNDLE_IDENTIFIER = com.haanhgs.MyLocation;
				PRODUCT_NAME = "$(TARGET_NAME)";
				SWIFT_VERSION = 5.0;
				TARGETED_DEVICE_FAMILY = 1;
			};
			name = Debug;
		};
		F16871CB2340976E00CE4069 /* Release */ = {
			isa = XCBuildConfiguration;
			buildSettings = {
				ASSETCATALOG_COMPILER_APPICON_NAME = AppIcon;
				CODE_SIGN_STYLE = Automatic;
				INFOPLIST_FILE = MyLocation/Info.plist;
				IPHONEOS_DEPLOYMENT_TARGET = 12.1;
				LD_RUNPATH_SEARCH_PATHS = (
					"$(inherited)",
					"@executable_path/Frameworks",
				);
				PRODUCT_BUNDLE_IDENTIFIER = com.haanhgs.MyLocation;
				PRODUCT_NAME = "$(TARGET_NAME)";
				SWIFT_VERSION = 5.0;
				TARGETED_DEVICE_FAMILY = 1;
			};
			name = Release;
		};
/* End XCBuildConfiguration section */

/* Begin XCConfigurationList section */
		F16871B02340976D00CE4069 /* Build configuration list for PBXProject "MyLocation" */ = {
			isa = XCConfigurationList;
			buildConfigurations = (
				F16871C72340976E00CE4069 /* Debug */,
				F16871C82340976E00CE4069 /* Release */,
			);
			defaultConfigurationIsVisible = 0;
			defaultConfigurationName = Release;
		};
		F16871C92340976E00CE4069 /* Build configuration list for PBXNativeTarget "MyLocation" */ = {
			isa = XCConfigurationList;
			buildConfigurations = (
				F16871CA2340976E00CE4069 /* Debug */,
				F16871CB2340976E00CE4069 /* Release */,
			);
			defaultConfigurationIsVisible = 0;
			defaultConfigurationName = Release;
		};
/* End XCConfigurationList section */

/* Begin XCVersionGroup section */
		F10DAA9F2343569B002C63D0 /* Model.xcdatamodeld */ = {
			isa = XCVersionGroup;
			children = (
				F10DAAA02343569B002C63D0 /* Model.xcdatamodel */,
			);
			currentVersion = F10DAAA02343569B002C63D0 /* Model.xcdatamodel */;
			path = Model.xcdatamodeld;
			sourceTree = "<group>";
			versionGroupType = wrapper.xcdatamodel;
		};
/* End XCVersionGroup section */
	};
	rootObject = F16871AD2340976D00CE4069 /* Project object */;
}
